
Microsoft Visual Studio Solution File, Format Version 12.00
# Visual Studio Version 16
VisualStudioVersion = 16.0.30204.135
MinimumVisualStudioVersion = 10.0.40219.1
Project("{FAE04EC0-301F-11D3-BF4B-00C04F79EFBC}") = "ChartiXLib", "ChartiX\ChartiXLib.csproj", "{FA0EFBC4-60CA-4BAB-A9AE-3435C59DE129}"
EndProject
Project("{FAE04EC0-301F-11D3-BF4B-00C04F79EFBC}") = "ChartiXServer", "ChartixServer\ChartiXServer.csproj", "{F84E1675-BDFF-41FD-A38F-F4A549948F39}"
EndProject
Project("{FAE04EC0-301F-11D3-BF4B-00C04F79EFBC}") = "ChartiXClient", "ChartiXClient\ChartiXClient.csproj", "{49E51B7E-D12F-428B-B2CC-C56BC9C1421E}"
EndProject
Global
	GlobalSection(SolutionConfigurationPlatforms) = preSolution
		Debug|Any CPU = Debug|Any CPU
		Release|Any CPU = Release|Any CPU
	EndGlobalSection
	GlobalSection(ProjectConfigurationPlatforms) = postSolution
		{FA0EFBC4-60CA-4BAB-A9AE-3435C59DE129}.Debug|Any CPU.ActiveCfg = Debug|Any CPU
		{FA0EFBC4-60CA-4BAB-A9AE-3435C59DE129}.Debug|Any CPU.Build.0 = Debug|Any CPU
		{FA0EFBC4-60CA-4BAB-A9AE-3435C59DE129}.Release|Any CPU.ActiveCfg = Release|Any CPU
		{FA0EFBC4-60CA-4BAB-A9AE-3435C59DE129}.Release|Any CPU.Build.0 = Release|Any CPU
		{F84E1675-BDFF-41FD-A38F-F4A549948F39}.Debug|Any CPU.ActiveCfg = Debug|Any CPU
		{F84E1675-BDFF-41FD-A38F-F4A549948F39}.Debug|Any CPU.Build.0 = Debug|Any CPU
		{F84E1675-BDFF-41FD-A38F-F4A549948F39}.Release|Any CPU.ActiveCfg = Release|Any CPU
		{F84E1675-BDFF-41FD-A38F-F4A549948F39}.Release|Any CPU.Build.0 = Release|Any CPU
		{49E51B7E-D12F-428B-B2CC-C56BC9C1421E}.Debug|Any CPU.ActiveCfg = Debug|Any CPU
		{49E51B7E-D12F-428B-B2CC-C56BC9C1421E}.Debug|Any CPU.Build.0 = Debug|Any CPU
		{49E51B7E-D12F-428B-B2CC-C56BC9C1421E}.Release|Any CPU.ActiveCfg = Release|Any CPU
		{49E51B7E-D12F-428B-B2CC-C56BC9C1421E}.Release|Any CPU.Build.0 = Release|Any CPU
	EndGlobalSection
	GlobalSection(SolutionProperties) = preSolution
		HideSolutionNode = FALSE
	EndGlobalSection
	GlobalSection(ExtensibilityGlobals) = postSolution
		SolutionGuid = {C7AF1AE8-84DC-4370-8F65-016895AC8669}
	EndGlobalSection
EndGlobal
