
Microsoft Visual Studio Solution File, Format Version 12.00
# Visual Studio Version 16
VisualStudioVersion = 16.0.30204.135
MinimumVisualStudioVersion = 10.0.40219.1
Project("{9A19103F-16F7-4668-BE54-9A1E7A4F7556}") = "MeetingCalendar", "TechTaskCalendar\MeetingCalendar.csproj", "{DAA94139-409B-44B1-AFBA-C18197096D76}"
EndProject
Global
	GlobalSection(SolutionConfigurationPlatforms) = preSolution
		Debug|Any CPU = Debug|Any CPU
		Release|Any CPU = Release|Any CPU
	EndGlobalSection
	GlobalSection(ProjectConfigurationPlatforms) = postSolution
		{DAA94139-409B-44B1-AFBA-C18197096D76}.Debug|Any CPU.ActiveCfg = Debug|Any CPU
		{DAA94139-409B-44B1-AFBA-C18197096D76}.Debug|Any CPU.Build.0 = Debug|Any CPU
		{DAA94139-409B-44B1-AFBA-C18197096D76}.Release|Any CPU.ActiveCfg = Release|Any CPU
		{DAA94139-409B-44B1-AFBA-C18197096D76}.Release|Any CPU.Build.0 = Release|Any CPU
	EndGlobalSection
	GlobalSection(SolutionProperties) = preSolution
		HideSolutionNode = FALSE
	EndGlobalSection
	GlobalSection(ExtensibilityGlobals) = postSolution
		SolutionGuid = {2115A8A1-6768-4827-A33F-CF9D8B9F15D7}
	EndGlobalSection
EndGlobal
